
Microsoft Visual Studio Solution File, Format Version 12.00
# Visual Studio Version 17
Project("{8BC9CEB8-8B4A-11D0-8D11-00A0C91BC942}") = "ALL_BUILD", "ALL_BUILD.vcxproj", "{BBC94F45-47AA-3521-A07D-241158CCAE25}"
	ProjectSection(ProjectDependencies) = postProject
		{2E7401C1-B831-380F-AE3A-3A4067C14606} = {2E7401C1-B831-380F-AE3A-3A4067C14606}
		{5C1E21C4-EE26-3357-93E7-8C2D6D954D30} = {5C1E21C4-EE26-3357-93E7-8C2D6D954D30}
	EndProjectSection
EndProject
Project("{8BC9CEB8-8B4A-11D0-8D11-00A0C91BC942}") = "INSTALL", "INSTALL.vcxproj", "{8217E780-9ACA-3341-A322-26E96CEAE150}"
	ProjectSection(ProjectDependencies) = postProject
		{BBC94F45-47AA-3521-A07D-241158CCAE25} = {BBC94F45-47AA-3521-A07D-241158CCAE25}
		{2E7401C1-B831-380F-AE3A-3A4067C14606} = {2E7401C1-B831-380F-AE3A-3A4067C14606}
	EndProjectSection
EndProject
Project("{8BC9CEB8-8B4A-11D0-8D11-00A0C91BC942}") = "ZERO_CHECK", "ZERO_CHECK.vcxproj", "{2E7401C1-B831-380F-AE3A-3A4067C14606}"
	ProjectSection(ProjectDependencies) = postProject
	EndProjectSection
EndProject
Project("{8BC9CEB8-8B4A-11D0-8D11-00A0C91BC942}") = "steam_net_bridge", "steam_net_bridge.vcxproj", "{5C1E21C4-EE26-3357-93E7-8C2D6D954D30}"
	ProjectSection(ProjectDependencies) = postProject
		{2E7401C1-B831-380F-AE3A-3A4067C14606} = {2E7401C1-B831-380F-AE3A-3A4067C14606}
	EndProjectSection
EndProject
Global
	GlobalSection(SolutionConfigurationPlatforms) = preSolution
		Debug|x64 = Debug|x64
		Release|x64 = Release|x64
		MinSizeRel|x64 = MinSizeRel|x64
		RelWithDebInfo|x64 = RelWithDebInfo|x64
	EndGlobalSection
	GlobalSection(ProjectConfigurationPlatforms) = postSolution
		{BBC94F45-47AA-3521-A07D-241158CCAE25}.Debug|x64.ActiveCfg = Debug|x64
		{BBC94F45-47AA-3521-A07D-241158CCAE25}.Debug|x64.Build.0 = Debug|x64
		{BBC94F45-47AA-3521-A07D-241158CCAE25}.Release|x64.ActiveCfg = Release|x64
		{BBC94F45-47AA-3521-A07D-241158CCAE25}.Release|x64.Build.0 = Release|x64
		{BBC94F45-47AA-3521-A07D-241158CCAE25}.MinSizeRel|x64.ActiveCfg = MinSizeRel|x64
		{BBC94F45-47AA-3521-A07D-241158CCAE25}.MinSizeRel|x64.Build.0 = MinSizeRel|x64
		{BBC94F45-47AA-3521-A07D-241158CCAE25}.RelWithDebInfo|x64.ActiveCfg = RelWithDebInfo|x64
		{BBC94F45-47AA-3521-A07D-241158CCAE25}.RelWithDebInfo|x64.Build.0 = RelWithDebInfo|x64
		{8217E780-9ACA-3341-A322-26E96CEAE150}.Debug|x64.ActiveCfg = Debug|x64
		{8217E780-9ACA-3341-A322-26E96CEAE150}.Release|x64.ActiveCfg = Release|x64
		{8217E780-9ACA-3341-A322-26E96CEAE150}.MinSizeRel|x64.ActiveCfg = MinSizeRel|x64
		{8217E780-9ACA-3341-A322-26E96CEAE150}.RelWithDebInfo|x64.ActiveCfg = RelWithDebInfo|x64
		{2E7401C1-B831-380F-AE3A-3A4067C14606}.Debug|x64.ActiveCfg = Debug|x64
		{2E7401C1-B831-380F-AE3A-3A4067C14606}.Debug|x64.Build.0 = Debug|x64
		{2E7401C1-B831-380F-AE3A-3A4067C14606}.Release|x64.ActiveCfg = Release|x64
		{2E7401C1-B831-380F-AE3A-3A4067C14606}.Release|x64.Build.0 = Release|x64
		{2E7401C1-B831-380F-AE3A-3A4067C14606}.MinSizeRel|x64.ActiveCfg = MinSizeRel|x64
		{2E7401C1-B831-380F-AE3A-3A4067C14606}.MinSizeRel|x64.Build.0 = MinSizeRel|x64
		{2E7401C1-B831-380F-AE3A-3A4067C14606}.RelWithDebInfo|x64.ActiveCfg = RelWithDebInfo|x64
		{2E7401C1-B831-380F-AE3A-3A4067C14606}.RelWithDebInfo|x64.Build.0 = RelWithDebInfo|x64
		{5C1E21C4-EE26-3357-93E7-8C2D6D954D30}.Debug|x64.ActiveCfg = Debug|x64
		{5C1E21C4-EE26-3357-93E7-8C2D6D954D30}.Debug|x64.Build.0 = Debug|x64
		{5C1E21C4-EE26-3357-93E7-8C2D6D954D30}.Release|x64.ActiveCfg = Release|x64
		{5C1E21C4-EE26-3357-93E7-8C2D6D954D30}.Release|x64.Build.0 = Release|x64
		{5C1E21C4-EE26-3357-93E7-8C2D6D954D30}.MinSizeRel|x64.ActiveCfg = MinSizeRel|x64
		{5C1E21C4-EE26-3357-93E7-8C2D6D954D30}.MinSizeRel|x64.Build.0 = MinSizeRel|x64
		{5C1E21C4-EE26-3357-93E7-8C2D6D954D30}.RelWithDebInfo|x64.ActiveCfg = RelWithDebInfo|x64
		{5C1E21C4-EE26-3357-93E7-8C2D6D954D30}.RelWithDebInfo|x64.Build.0 = RelWithDebInfo|x64
	EndGlobalSection
	GlobalSection(ExtensibilityGlobals) = postSolution
		SolutionGuid = {4CFC2E0C-AC41-3241-BA9B-56937A5B3996}
	EndGlobalSection
	GlobalSection(ExtensibilityAddIns) = postSolution
	EndGlobalSection
EndGlobal
